Microsoft Visual Studio Solution File, Format Version 8.00
Project("{8BC9CEB8-8B4A-11D0-8D11-00A0C91BC942}") = "simple-factorization", "simple-factorization.vcproj", "{A9C2F959-627E-40C6-A147-F5D01BFA7892}"
	ProjectSection(ProjectDependencies) = postProject
	EndProjectSection
EndProject
Global
	GlobalSection(SolutionConfiguration) = preSolution
		Debug = Debug
		Release = Release
	EndGlobalSection
	GlobalSection(ProjectConfiguration) = postSolution
		{A9C2F959-627E-40C6-A147-F5D01BFA7892}.Debug.ActiveCfg = Debug|Win32
		{A9C2F959-627E-40C6-A147-F5D01BFA7892}.Debug.Build.0 = Debug|Win32
		{A9C2F959-627E-40C6-A147-F5D01BFA7892}.Release.ActiveCfg = Release|Win32
		{A9C2F959-627E-40C6-A147-F5D01BFA7892}.Release.Build.0 = Release|Win32
	EndGlobalSection
	GlobalSection(ExtensibilityGlobals) = postSolution
	EndGlobalSection
	GlobalSection(ExtensibilityAddIns) = postSolution
	EndGlobalSection
EndGlobal
